
Microsoft Visual Studio Solution File, Format Version 12.00
# Visual Studio Version 17
VisualStudioVersion = 17.9.34723.18
MinimumVisualStudioVersion = 10.0.40219.1
Project("{2150E333-8FDC-42A3-9474-1A3956D46DE8}") = "Gateway", "Gateway", "{EC49515F-1408-4B52-9D6D-8B37B7E95733}"
EndProject
Project("{2150E333-8FDC-42A3-9474-1A3956D46DE8}") = "Services", "Services", "{721ADF56-50A4-434D-A051-3C76D7C84F74}"
EndProject
Project("{2150E333-8FDC-42A3-9474-1A3956D46DE8}") = "Web", "Web", "{1AD33F5E-8385-4219-8743-D6F985345D90}"
EndProject
Project("{2150E333-8FDC-42A3-9474-1A3956D46DE8}") = "BuildingBlocks", "BuildingBlocks", "{651EC7A8-5BBE-4DDE-B4EC-037C42871380}"
EndProject
Project("{9A19103F-16F7-4668-BE54-9A1E7A4F7556}") = "BuildingBlocks", "src\BuildingBlocks\BuildingBlocks\BuildingBlocks.csproj", "{38055BAD-B537-46E3-9F75-615EF04214D3}"
EndProject
Project("{9A19103F-16F7-4668-BE54-9A1E7A4F7556}") = "BuildingBlocks.Messaging", "src\BuildingBlocks\BuildingBlocks.Messaging\BuildingBlocks.Messaging.csproj", "{A93BB92D-E159-45A1-96E2-877CD05BA3E5}"
EndProject
Project("{9A19103F-16F7-4668-BE54-9A1E7A4F7556}") = "Poc.Gateway", "src\Gateway\Poc.Gateway\Poc.Gateway.csproj", "{E11AE7D5-D355-4A8C-81BE-235C2EE7794D}"
EndProject
Project("{2150E333-8FDC-42A3-9474-1A3956D46DE8}") = "Admin", "Admin", "{99B304AD-9B72-4308-9489-708A33B88A5E}"
EndProject
Project("{2150E333-8FDC-42A3-9474-1A3956D46DE8}") = "Payment", "Payment", "{6A1B1409-9A15-4F83-80EA-C61BA2C947FD}"
EndProject
Project("{2150E333-8FDC-42A3-9474-1A3956D46DE8}") = "Auth", "Auth", "{CFDC6EFD-BC56-4E10-BB4B-0F45194B7A52}"
EndProject
Project("{2150E333-8FDC-42A3-9474-1A3956D46DE8}") = "Catalog", "Catalog", "{3AD953EF-2C45-4679-AEA5-CDEDED93BDA7}"
EndProject
Project("{9A19103F-16F7-4668-BE54-9A1E7A4F7556}") = "Poc.Auth", "src\Services\Auth\Poc.Auth\Poc.Auth.csproj", "{8491D3FF-CC8D-4F84-AF42-BE3770F34514}"
EndProject
Project("{9A19103F-16F7-4668-BE54-9A1E7A4F7556}") = "Poc.Payment", "src\Services\Payment\Poc.Payment\Poc.Payment.csproj", "{1AD3BF9F-B9D5-4016-B1FD-CEEDC0A905E3}"
EndProject
Project("{9A19103F-16F7-4668-BE54-9A1E7A4F7556}") = "Poc.Admin", "src\Services\Admin\Poc.Admin\Poc.Admin.csproj", "{EF1B302D-1BEA-473F-8558-90418E1B240A}"
EndProject
Project("{9A19103F-16F7-4668-BE54-9A1E7A4F7556}") = "Poc.Catalog", "src\Services\Catalog\Poc.Catalog\Poc.Catalog.csproj", "{92582631-684B-4E9D-9261-164E3483EE22}"
EndProject
Project("{FAE04EC0-301F-11D3-BF4B-00C04F79EFBC}") = "Poc.Web", "src\Web\Poc.Web\Poc.Web.csproj", "{A4FD2EE3-7995-4603-8B1F-23ED3593F10A}"
EndProject
Project("{E53339B2-1760-4266-BCC7-CA923CBCF16C}") = "docker-compose", "docker-compose.dcproj", "{44103735-8D2E-48A8-98D8-6A927A564FF4}"
EndProject
Global
	GlobalSection(SolutionConfigurationPlatforms) = preSolution
		Debug|Any CPU = Debug|Any CPU
		Release|Any CPU = Release|Any CPU
	EndGlobalSection
	GlobalSection(ProjectConfigurationPlatforms) = postSolution
		{38055BAD-B537-46E3-9F75-615EF04214D3}.Debug|Any CPU.ActiveCfg = Debug|Any CPU
		{38055BAD-B537-46E3-9F75-615EF04214D3}.Debug|Any CPU.Build.0 = Debug|Any CPU
		{38055BAD-B537-46E3-9F75-615EF04214D3}.Release|Any CPU.ActiveCfg = Release|Any CPU
		{38055BAD-B537-46E3-9F75-615EF04214D3}.Release|Any CPU.Build.0 = Release|Any CPU
		{A93BB92D-E159-45A1-96E2-877CD05BA3E5}.Debug|Any CPU.ActiveCfg = Debug|Any CPU
		{A93BB92D-E159-45A1-96E2-877CD05BA3E5}.Debug|Any CPU.Build.0 = Debug|Any CPU
		{A93BB92D-E159-45A1-96E2-877CD05BA3E5}.Release|Any CPU.ActiveCfg = Release|Any CPU
		{A93BB92D-E159-45A1-96E2-877CD05BA3E5}.Release|Any CPU.Build.0 = Release|Any CPU
		{E11AE7D5-D355-4A8C-81BE-235C2EE7794D}.Debug|Any CPU.ActiveCfg = Debug|Any CPU
		{E11AE7D5-D355-4A8C-81BE-235C2EE7794D}.Debug|Any CPU.Build.0 = Debug|Any CPU
		{E11AE7D5-D355-4A8C-81BE-235C2EE7794D}.Release|Any CPU.ActiveCfg = Release|Any CPU
		{E11AE7D5-D355-4A8C-81BE-235C2EE7794D}.Release|Any CPU.Build.0 = Release|Any CPU
		{8491D3FF-CC8D-4F84-AF42-BE3770F34514}.Debug|Any CPU.ActiveCfg = Debug|Any CPU
		{8491D3FF-CC8D-4F84-AF42-BE3770F34514}.Debug|Any CPU.Build.0 = Debug|Any CPU
		{8491D3FF-CC8D-4F84-AF42-BE3770F34514}.Release|Any CPU.ActiveCfg = Release|Any CPU
		{8491D3FF-CC8D-4F84-AF42-BE3770F34514}.Release|Any CPU.Build.0 = Release|Any CPU
		{1AD3BF9F-B9D5-4016-B1FD-CEEDC0A905E3}.Debug|Any CPU.ActiveCfg = Debug|Any CPU
		{1AD3BF9F-B9D5-4016-B1FD-CEEDC0A905E3}.Debug|Any CPU.Build.0 = Debug|Any CPU
		{1AD3BF9F-B9D5-4016-B1FD-CEEDC0A905E3}.Release|Any CPU.ActiveCfg = Release|Any CPU
		{1AD3BF9F-B9D5-4016-B1FD-CEEDC0A905E3}.Release|Any CPU.Build.0 = Release|Any CPU
		{EF1B302D-1BEA-473F-8558-90418E1B240A}.Debug|Any CPU.ActiveCfg = Debug|Any CPU
		{EF1B302D-1BEA-473F-8558-90418E1B240A}.Debug|Any CPU.Build.0 = Debug|Any CPU
		{EF1B302D-1BEA-473F-8558-90418E1B240A}.Release|Any CPU.ActiveCfg = Release|Any CPU
		{EF1B302D-1BEA-473F-8558-90418E1B240A}.Release|Any CPU.Build.0 = Release|Any CPU
		{92582631-684B-4E9D-9261-164E3483EE22}.Debug|Any CPU.ActiveCfg = Debug|Any CPU
		{92582631-684B-4E9D-9261-164E3483EE22}.Debug|Any CPU.Build.0 = Debug|Any CPU
		{92582631-684B-4E9D-9261-164E3483EE22}.Release|Any CPU.ActiveCfg = Release|Any CPU
		{92582631-684B-4E9D-9261-164E3483EE22}.Release|Any CPU.Build.0 = Release|Any CPU
		{A4FD2EE3-7995-4603-8B1F-23ED3593F10A}.Debug|Any CPU.ActiveCfg = Debug|Any CPU
		{A4FD2EE3-7995-4603-8B1F-23ED3593F10A}.Debug|Any CPU.Build.0 = Debug|Any CPU
		{A4FD2EE3-7995-4603-8B1F-23ED3593F10A}.Release|Any CPU.ActiveCfg = Release|Any CPU
		{A4FD2EE3-7995-4603-8B1F-23ED3593F10A}.Release|Any CPU.Build.0 = Release|Any CPU
		{44103735-8D2E-48A8-98D8-6A927A564FF4}.Debug|Any CPU.ActiveCfg = Debug|Any CPU
		{44103735-8D2E-48A8-98D8-6A927A564FF4}.Debug|Any CPU.Build.0 = Debug|Any CPU
		{44103735-8D2E-48A8-98D8-6A927A564FF4}.Release|Any CPU.ActiveCfg = Release|Any CPU
		{44103735-8D2E-48A8-98D8-6A927A564FF4}.Release|Any CPU.Build.0 = Release|Any CPU
	EndGlobalSection
	GlobalSection(SolutionProperties) = preSolution
		HideSolutionNode = FALSE
	EndGlobalSection
	GlobalSection(NestedProjects) = preSolution
		{38055BAD-B537-46E3-9F75-615EF04214D3} = {651EC7A8-5BBE-4DDE-B4EC-037C42871380}
		{A93BB92D-E159-45A1-96E2-877CD05BA3E5} = {651EC7A8-5BBE-4DDE-B4EC-037C42871380}
		{E11AE7D5-D355-4A8C-81BE-235C2EE7794D} = {EC49515F-1408-4B52-9D6D-8B37B7E95733}
		{99B304AD-9B72-4308-9489-708A33B88A5E} = {721ADF56-50A4-434D-A051-3C76D7C84F74}
		{6A1B1409-9A15-4F83-80EA-C61BA2C947FD} = {721ADF56-50A4-434D-A051-3C76D7C84F74}
		{CFDC6EFD-BC56-4E10-BB4B-0F45194B7A52} = {721ADF56-50A4-434D-A051-3C76D7C84F74}
		{3AD953EF-2C45-4679-AEA5-CDEDED93BDA7} = {721ADF56-50A4-434D-A051-3C76D7C84F74}
		{8491D3FF-CC8D-4F84-AF42-BE3770F34514} = {CFDC6EFD-BC56-4E10-BB4B-0F45194B7A52}
		{1AD3BF9F-B9D5-4016-B1FD-CEEDC0A905E3} = {6A1B1409-9A15-4F83-80EA-C61BA2C947FD}
		{EF1B302D-1BEA-473F-8558-90418E1B240A} = {99B304AD-9B72-4308-9489-708A33B88A5E}
		{92582631-684B-4E9D-9261-164E3483EE22} = {3AD953EF-2C45-4679-AEA5-CDEDED93BDA7}
		{A4FD2EE3-7995-4603-8B1F-23ED3593F10A} = {1AD33F5E-8385-4219-8743-D6F985345D90}
	EndGlobalSection
	GlobalSection(ExtensibilityGlobals) = postSolution
		SolutionGuid = {A4CBFFB0-0D9B-4FCE-8514-87B101E5B417}
	EndGlobalSection
EndGlobal
